buf.build/gen/go/bufbuild/protovalidate/protocolbuffers/go v1.36.11-20260415201107-50325440f8f2.1 h1:s6hzCXtND/ICdGPTMGk7C+/BFlr2Jg5GyH0NKf4XGXg=
buf.build/gen/go/bufbuild/protovalidate/protocolbuffers/go v1.36.11-20260415201107-50325440f8f2.1/go.mod h1:tvtbpgaVXZX4g6Pn+AnzFycuRK3MOz5HJfEGeEllXYM=
cloud.google.com/go/auth v0.18.2 h1:+Nbt5Ev0xEqxlNjd6c+yYUeosQ5TtEUaNcN/3FozlaM=
cloud.google.com/go/auth v0.18.2/go.mod h1:xD+oY7gcahcu7G2SG2DsBerfFxgPAJz17zz2joOFF3M=
cloud.google.com/go/auth/oauth2adapt v0.2.8 h1:keo8NaayQZ6wimpNSmW5OPc283g65QNIiLpZnkHRbnc=
cloud.google.com/go/auth/oauth2adapt v0.2.8/go.mod h1:XQ9y31RkqZCcwJWNSx2Xvric3RrU88hAYYbjDWYDL+c=
cloud.google.com/go/compute/metadata v0.9.0 h1:pDUj4QMoPejqq20dK0Pg2N4yG9zIkYGdBtwLoEkH9Zs=
cloud.google.com/go/compute/metadata v0.9.0/go.mod h1:E0bWwX5wTnLPedCKqk3pJmVgCBSM6qQI1yTBdEb3C10=
github.com/cespare/xxhash/v2 v2.3.0 h1:UL815xU9SqsFlibzuggzjXhog7bL6oX9BbNZnL2UFvs=
github.com/cespare/xxhash/v2 v2.3.0/go.mod h1:VGX0DQ3Q6kWi7AoAeZDth3/j3BFtOZR5XLFGgcrjCOs=
github.com/davecgh/go-spew v1.1.1 h1:vj9j/u1bqnvCEfJOwUhtlOARqs3+rkHYY13jYWTU97c=
github.com/davecgh/go-spew v1.1.1/go.mod h1:J7Y8YcW2NihsgmVo/mv3lAwl/skON4iLHjSsI+c5H38=
github.com/felixge/httpsnoop v1.0.4 h1:NFTV2Zj1bL4mc9sqWACXbQFVBBg2W3GPvqp8/ESS2Wg=
github.com/felixge/httpsnoop v1.0.4/go.mod h1:m8KPJKqk1gH5J9DgRY2ASl2lWCfGKXixSwevea8zH2U=
github.com/flaticols/countrycodes v0.0.2 h1:vedxSqHwG3r7lwUK2bfGFWkVcFv7QuSCKFMkywI/rIE=
github.com/flaticols/countrycodes v0.0.2/go.mod h1:HCwEez5Z+nf062EOWMPqEh1uLb5QdZSTQmTrq4avBOA=
github.com/go-logr/logr v1.2.2/go.mod h1:jdQByPbusPIv2/zmleS9BjJVeZ6kBagPoEUsqbVz/1A=
github.com/go-logr/logr v1.4.3 h1:CjnDlHq8ikf6E492q6eKboGOC0T8CDaOvkHCIg8idEI=
github.com/go-logr/logr v1.4.3/go.mod h1:9T104GzyrTigFIr8wt5mBrctHMim0Nb2HLGrmQ40KvY=
github.com/go-logr/stdr v1.2.2 h1:hSWxHoqTgW2S2qGc0LTAI563KZ5YKYRhT3MFKZMbjag=
github.com/go-logr/stdr v1.2.2/go.mod h1:mMo/vtBO5dYbehREoey6XUKy/eSumjCCveDpRre4VKE=
github.com/golang/protobuf v1.5.4 h1:i7eJL8qZTpSEXOPTxNKhASYpMn+8e5Q6AdndVa1dWek=
github.com/golang/protobuf v1.5.4/go.mod h1:lnTiLA8Wa4RWRcIUkrtSVa5nRhsEGBg48fD6rSs7xps=
github.com/google/go-cmp v0.7.0 h1:wk8382ETsv4JYUZwIsn6YpYiWiBsYLSJiTsyBybVuN8=
github.com/google/go-cmp v0.7.0/go.mod h1:pXiqmnSA92OHEEa9HXL2W4E7lf9JzCmGVUdgjX3N/iU=
github.com/google/s2a-go v0.1.9 h1:LGD7gtMgezd8a/Xak7mEWL0PjoTQFvpRudN895yqKW0=
github.com/google/s2a-go v0.1.9/go.mod h1:YA0Ei2ZQL3acow2O62kdp9UlnvMmU7kA6Eutn0dXayM=
github.com/google/uuid v1.6.0 h1:NIvaJDMOsjHA8n1jAhLSgzrAzy1Hgr+hNrb57e+94F0=
github.com/google/uuid v1.6.0/go.mod h1:TIyPZe4MgqvfeYDBFedMoGGpEw/LqOeaOT+nhxU+yHo=
github.com/googleapis/enterprise-certificate-proxy v0.3.12 h1:Fg+zsqzYEs1ZnvmcztTYxhgCBsx3eEhEwQ1W/lHq/sQ=
github.com/googleapis/enterprise-certificate-proxy v0.3.12/go.mod h1:vqVt9yG9480NtzREnTlmGSBmFrA+bzb0yl0TxoBQXOg=
github.com/googleapis/gax-go/v2 v2.17.0 h1:RksgfBpxqff0EZkDWYuz9q/uWsTVz+kf43LsZ1J6SMc=
github.com/googleapis/gax-go/v2 v2.17.0/go.mod h1:mzaqghpQp4JDh3HvADwrat+6M3MOIDp5YKHhb9PAgDY=
github.com/mattn/go-colorable v0.1.14 h1:9A9LHSqF/7dyVVX6g0U9cwm9pG3kP9gSzcuIPHPsaIE=
github.com/mattn/go-colorable v0.1.14/go.mod h1:6LmQG8QLFO4G5z1gPvYEzlUgJ2wF+stgPZH1UqBm1s8=
github.com/mattn/go-isatty v0.0.22 h1:j8l17JJ9i6VGPUFUYoTUKPSgKe/83EYU2zBC7YNKMw4=
github.com/mattn/go-isatty v0.0.22/go.mod h1:ZXfXG4SQHsB/w3ZeOYbR0PrPwLy+n6xiMrJlRFqopa4=
github.com/pkg/errors v0.9.1 h1:FEBLx1zS214owpjy7qsBeixbURkuhQAwrK5UwLGTwt4=
github.com/pkg/errors v0.9.1/go.mod h1:bwawxfHBFNV+L2hUp1rHADufV3IMtnDRdf1r5NINEl0=
github.com/pmezard/go-difflib v1.0.0 h1:4DBwDE0NGyQoBHbLQYPwSUPoCMWR5BEzIk/f1lZbAQM=
github.com/pmezard/go-difflib v1.0.0/go.mod h1:iKH77koFhYxTK1pcRnkKkqfTogsbg7gZNVY4sRDYZ/4=
github.com/rs/zerolog v1.35.1 h1:m7xQeoiLIiV0BCEY4Hs+j2NG4Gp2o2KPKmhnnLiazKI=
github.com/rs/zerolog v1.35.1/go.mod h1:EjML9kdfa/RMA7h/6z6pYmq1ykOuA8/mjWaEvGI+jcw=
github.com/shopspring/decimal v1.4.0 h1:bxl37RwXBklmTi0C79JfXCEBD1cqqHt0bbgBAGFp81k=
github.com/shopspring/decimal v1.4.0/go.mod h1:gawqmDU56v4yIKSwfBSFip1HdCCXN8/+DMd9qYNcwME=
github.com/sologenic/com-fs-compliance-model v0.0.0-20260508212734-ae7a1abedba0 h1:Msem6bhvA91O6AVfhBIaetAgIUy1nPGWz7DEgWJyQ1Y=
github.com/sologenic/com-fs-compliance-model v0.0.0-20260508212734-ae7a1abedba0/go.mod h1:pTN8+RIFK5vsd8V2KO8Kdgi3ovuIhiY761vFj+Nc1Vk=
github.com/sologenic/com-fs-compliance-model v0.0.0-20260617204504-6cf1e5eddd88 h1:dHb2N6xiLWKJ5zSFawKuPP6WscRcll/+5bp8NLoZE0A=
github.com/sologenic/com-fs-compliance-model v0.0.0-20260617204504-6cf1e5eddd88/go.mod h1:gbGUadaAFHxroJt8iq4FZd7sVXeJi5s3dnJQvzHCWR0=
github.com/sologenic/com-fs-document-model v0.0.0-20260508212839-20ac63bcee92 h1:CSeP2P2AxiYhX/kNSeO8k1QPJhJCS6k7fi3m1lbUeOw=
github.com/sologenic/com-fs-document-model v0.0.0-20260508212839-20ac63bcee92/go.mod h1:Eq5CVQ2W/NwBPekiLhqbVZ6o4CVG04U5n8o47AjPiH4=
github.com/sologenic/com-fs-trade-profile-model v0.0.0-20260508211308-27520933ecd2 h1:KJeCoY1RV9jHjoNdHry51XnHHfxhNF3eWHq7G3PmNqc=
github.com/sologenic/com-fs-trade-profile-model v0.0.0-20260508211308-27520933ecd2/go.mod h1:ONirF7v0RT5O/u+6JJuZYQydZ69T0MUant3bvHZ9M4A=
github.com/sologenic/com-fs-utils-internal-lib/go/grpc-client v0.0.0-20260512200538-5cc50bbbfe87 h1:zaQmANCv3zztjS1/N6nn9opY54eVx7m3F6/79bYA/MU=
github.com/sologenic/com-fs-utils-internal-lib/go/grpc-client v0.0.0-20260512200538-5cc50bbbfe87/go.mod h1:LeEHuoOnGSdp1boSlFm+FJACfjOeulPFADLn1MVHeGA=
github.com/sologenic/com-fs-utils-internal-lib/go/grpc-client v0.0.0-20260714081620-34fcc1bdd7df h1:jpiy86EzqR1a9upPjSQQG1J+HGVwhaKY8GQ58/pZ6bc=
github.com/sologenic/com-fs-utils-internal-lib/go/grpc-client v0.0.0-20260714081620-34fcc1bdd7df/go.mod h1:LeEHuoOnGSdp1boSlFm+FJACfjOeulPFADLn1MVHeGA=
github.com/sologenic/com-fs-utils-internal-lib/go/logger v0.0.0-20260512200538-5cc50bbbfe87 h1:eKGr/CyslLcUTc45mFbiVasqaS2Lf29Vt/tak6CSRCE=
github.com/sologenic/com-fs-utils-internal-lib/go/logger v0.0.0-20260512200538-5cc50bbbfe87/go.mod h1:UJZwVTZoaKmgQKmgmuoZzQPgmvCdUUO7jNTDAq9v5/4=
github.com/sologenic/com-fs-utils-internal-lib/go/logger v0.0.0-20260714081620-34fcc1bdd7df h1:JaTQMyqAkv1uCAgEU6sfhqWArsVatbl/bgFEigtwcE8=
github.com/sologenic/com-fs-utils-internal-lib/go/logger v0.0.0-20260714081620-34fcc1bdd7df/go.mod h1:UJZwVTZoaKmgQKmgmuoZzQPgmvCdUUO7jNTDAq9v5/4=
github.com/sologenic/com-fs-utils-lib/models/audit v0.0.0-20260501113306-8b02db1b65e4 h1:A2YVfs6UUkhow8ezxRMCjzBmWGLfklJQVK2OviE6ARU=
github.com/sologenic/com-fs-utils-lib/models/audit v0.0.0-20260501113306-8b02db1b65e4/go.mod h1:aesYC9CUzVQ4JUHZwpLYx0yeNK1Sl37vzLKmDKQiyoY=
github.com/sologenic/com-fs-utils-lib/models/audit v0.0.0-20260630193558-14c5e85f7af5 h1:Q9CjWzmJF7H02MbPL6iYaXfFn0NxGrYl6iSRKaKl6zQ=
github.com/sologenic/com-fs-utils-lib/models/audit v0.0.0-20260630193558-14c5e85f7af5/go.mod h1:j2w2sNujx++376mrxT5ZUl6FMu7CjcgBERMrf8uJhHc=
github.com/sologenic/com-fs-utils-lib/models/commission v0.0.0-20260501113306-8b02db1b65e4 h1:AVaBLeqbjR8f038oPjXTQv34xBjM40d4AMt1wOfEQuI=
github.com/sologenic/com-fs-utils-lib/models/commission v0.0.0-20260501113306-8b02db1b65e4/go.mod h1:VUhoaLKnVEWxJA39CW+noupOTeMknxu+lW+6y/D7NWc=
github.com/sologenic/com-fs-utils-lib/models/commission v0.0.0-20260630193558-14c5e85f7af5 h1:9B6yXMjauFcPcTULTSuIqyiSvCd5J7r9HdteH/B7IHw=
github.com/sologenic/com-fs-utils-lib/models/commission v0.0.0-20260630193558-14c5e85f7af5/go.mod h1:wMwGp5j3yvH47WZ9Z8+jMq5iCf9fqbVZiR4mnArlQQo=
github.com/sologenic/com-fs-utils-lib/models/decimal v0.0.0-20260501113306-8b02db1b65e4 h1:CzD/Yq/tODGymXbesjgYddnclzcFWy8sOINgBiHCknQ=
github.com/sologenic/com-fs-utils-lib/models/decimal v0.0.0-20260501113306-8b02db1b65e4/go.mod h1:ZfQxFWL+n3dEtEQgLrY4h6vkyQreEJP3SD4eni902io=
github.com/sologenic/com-fs-utils-lib/models/decimal v0.0.0-20260630193558-14c5e85f7af5 h1:Zj2SQX/TvzRDDsUFthYeWvXBWjCREjvQothTZOiHGOg=
github.com/sologenic/com-fs-utils-lib/models/decimal v0.0.0-20260630193558-14c5e85f7af5/go.mod h1:LFVXmC3TKtckdGQbwDcOuBInDAw2beA3Z+SKjR9FTJI=
github.com/sologenic/com-fs-utils-lib/models/language v0.0.0-20260501113306-8b02db1b65e4 h1:5SAGWz7k3iPNC4BBID3qxhSNzjN2FcmD109EvWUW4t4=
github.com/sologenic/com-fs-utils-lib/models/language v0.0.0-20260501113306-8b02db1b65e4/go.mod h1:ipl1XbvOUcvF9Hp1DJwvfhMLialqJS/btL6QvT2eTZI=
github.com/sologenic/com-fs-utils-lib/models/language v0.0.0-20260630193558-14c5e85f7af5 h1:50Gec0vq1PO0A2vLNl683d03aamzvz4m2KzUbIQCiq8=
github.com/sologenic/com-fs-utils-lib/models/language v0.0.0-20260630193558-14c5e85f7af5/go.mod h1:rI/uXIS6Je6Ohatz023ZXJ957lIq4hqxlTRGHvPSJv8=
github.com/sologenic/com-fs-utils-lib/models/metadata v0.0.0-20260501113306-8b02db1b65e4 h1:IH+6g8E0lMYxUknxKdIUa+0rXD5Uu/8kQD23r4joURY=
github.com/sologenic/com-fs-utils-lib/models/metadata v0.0.0-20260501113306-8b02db1b65e4/go.mod h1:8pkOl9qWOoHOGHkya1GUTLjbag3sal2B9GGPcXRlRtQ=
github.com/sologenic/com-fs-utils-lib/models/metadata v0.0.0-20260630193558-14c5e85f7af5 h1:C0yMCr53Ifmo0M+iyg5JaywOXWzbAmH+uj+plVUCGrI=
github.com/sologenic/com-fs-utils-lib/models/metadata v0.0.0-20260630193558-14c5e85f7af5/go.mod h1:YPNuUzLUlnTFVufdQG8PX/1psm/QM//Pd76yQBFnZ80=
github.com/sologenic/com-fs-utils-lib/models/order-properties v0.0.0-20260501113306-8b02db1b65e4 h1:LiW4stXqdP761vdCn/MoOagaE3p/WqmNDMuaWP40fZQ=
github.com/sologenic/com-fs-utils-lib/models/order-properties v0.0.0-20260501113306-8b02db1b65e4/go.mod h1:C2y+KxnliWpUO4XEUlHyW3anGTQiKQTSeEFZAhiBO0M=
github.com/sologenic/com-fs-utils-lib/models/order-properties v0.0.0-20260630193558-14c5e85f7af5 h1:CzF6hNDj2XHz51hqUcatpvVSEjHYtEe88qbyIryOqGY=
github.com/sologenic/com-fs-utils-lib/models/order-properties v0.0.0-20260630193558-14c5e85f7af5/go.mod h1:J1AmUilY270FQqc9/Gvc8ObBHtiNQqfCto9O0zT5JgU=
github.com/sologenic/com-fs-utils-lib/models/role v0.0.0-20260501113306-8b02db1b65e4 h1:ZK0i1au8PwqKRwiJVlZXJDwlAIsmkz2iEcDhjqxAJe4=
github.com/sologenic/com-fs-utils-lib/models/role v0.0.0-20260501113306-8b02db1b65e4/go.mod h1:EzYV8QKfACoaaPwBFXY6R95AOORkV3TXxw8k1m26o+w=
github.com/sologenic/com-fs-utils-lib/models/role v0.0.0-20260630193558-14c5e85f7af5 h1:xRxSq4oVBeym6YVcFswtEZFRDZYk0sgeKR006yMxXPI=
github.com/sologenic/com-fs-utils-lib/models/role v0.0.0-20260630193558-14c5e85f7af5/go.mod h1:Ewko+0FXk/pO7T0typYEhScivLroWjq617+tnGSo5QU=
github.com/stretchr/testify v1.11.1 h1:7s2iGBzp5EwR7/aIZr8ao5+dra3wiQyKjjFuvgVKu7U=
github.com/stretchr/testify v1.11.1/go.mod h1:wZwfW3scLgRK+23gO65QZefKpKQRnfz6sD981Nm4B6U=
go.opentelemetry.io/auto/sdk v1.2.1 h1:jXsnJ4Lmnqd11kwkBV2LgLoFMZKizbCi5fNZ/ipaZ64=
go.opentelemetry.io/auto/sdk v1.2.1/go.mod h1:KRTj+aOaElaLi+wW1kO/DZRXwkF4C5xPbEe3ZiIhN7Y=
go.opentelemetry.io/contrib/instrumentation/google.golang.org/grpc/otelgrpc v0.61.0 h1:q4XOmH/0opmeuJtPsbFNivyl7bCt7yRBbeEm2sC/XtQ=
go.opentelemetry.io/contrib/instrumentation/google.golang.org/grpc/otelgrpc v0.61.0/go.mod h1:snMWehoOh2wsEwnvvwtDyFCxVeDAODenXHtn5vzrKjo=
go.opentelemetry.io/contrib/instrumentation/net/http/otelhttp v0.65.0 h1:7iP2uCb7sGddAr30RRS6xjKy7AZ2JtTOPA3oolgVSw8=
go.opentelemetry.io/contrib/instrumentation/net/http/otelhttp v0.65.0/go.mod h1:c7hN3ddxs/z6q9xwvfLPk+UHlWRQyaeR1LdgfL/66l0=
go.opentelemetry.io/otel v1.43.0 h1:mYIM03dnh5zfN7HautFE4ieIig9amkNANT+xcVxAj9I=
go.opentelemetry.io/otel v1.43.0/go.mod h1:JuG+u74mvjvcm8vj8pI5XiHy1zDeoCS2LB1spIq7Ay0=
go.opentelemetry.io/otel/metric v1.43.0 h1:d7638QeInOnuwOONPp4JAOGfbCEpYb+K6DVWvdxGzgM=
go.opentelemetry.io/otel/metric v1.43.0/go.mod h1:RDnPtIxvqlgO8GRW18W6Z/4P462ldprJtfxHxyKd2PY=
go.opentelemetry.io/otel/sdk v1.43.0 h1:pi5mE86i5rTeLXqoF/hhiBtUNcrAGHLKQdhg4h4V9Dg=
go.opentelemetry.io/otel/sdk v1.43.0/go.mod h1:P+IkVU3iWukmiit/Yf9AWvpyRDlUeBaRg6Y+C58QHzg=
go.opentelemetry.io/otel/sdk/metric v1.43.0 h1:S88dyqXjJkuBNLeMcVPRFXpRw2fuwdvfCGLEo89fDkw=
go.opentelemetry.io/otel/sdk/metric v1.43.0/go.mod h1:C/RJtwSEJ5hzTiUz5pXF1kILHStzb9zFlIEe85bhj6A=
go.opentelemetry.io/otel/trace v1.43.0 h1:BkNrHpup+4k4w+ZZ86CZoHHEkohws8AY+WTX09nk+3A=
go.opentelemetry.io/otel/trace v1.43.0/go.mod h1:/QJhyVBUUswCphDVxq+8mld+AvhXZLhe+8WVFxiFff0=
golang.org/x/crypto v0.51.0 h1:IBPXwPfKxY7cWQZ38ZCIRPI50YLeevDLlLnyC5wRGTI=
golang.org/x/crypto v0.51.0/go.mod h1:8AdwkbraGNABw2kOX6YFPs3WM22XqI4EXEd8g+x7Oc8=
golang.org/x/net v0.55.0 h1:bcvxaJn3e1U6InsFWt1JUq1aSjnRxLzT2rtD2KfkDF8=
golang.org/x/net v0.55.0/go.mod h1:L5U2KuzuOe1lY7Z+aWVIKK6qEeJXnXV9yzGA+WCHJww=
golang.org/x/oauth2 v0.36.0 h1:peZ/1z27fi9hUOFCAZaHyrpWG5lwe0RJEEEeH0ThlIs=
golang.org/x/oauth2 v0.36.0/go.mod h1:YDBUJMTkDnJS+A4BP4eZBjCqtokkg1hODuPjwiGPO7Q=
golang.org/x/sync v0.20.0 h1:e0PTpb7pjO8GAtTs2dQ6jYa5BWYlMuX047Dco/pItO4=
golang.org/x/sync v0.20.0/go.mod h1:9xrNwdLfx4jkKbNva9FpL6vEN7evnE43NNNJQ2LF3+0=
golang.org/x/sys v0.45.0 h1:dO4czNzziLiiXplLQgBCEpCvXQ3dnkn0SdaZSYdQ+FY=
golang.org/x/sys v0.45.0/go.mod h1:4GL1E5IUh+htKOUEOaiffhrAeqysfVGipDYzABqnCmw=
golang.org/x/text v0.37.0 h1:Cqjiwd9eSg8e0QAkyCaQTNHFIIzWtidPahFWR83rTrc=
golang.org/x/text v0.37.0/go.mod h1:a5sjxXGs9hsn/AJVwuElvCAo9v8QYLzvavO5z2PiM38=
golang.org/x/time v0.14.0 h1:MRx4UaLrDotUKUdCIqzPC48t1Y9hANFKIRpNx+Te8PI=
golang.org/x/time v0.14.0/go.mod h1:eL/Oa2bBBK0TkX57Fyni+NgnyQQN4LitPmob2Hjnqw4=
gonum.org/v1/gonum v0.17.0 h1:VbpOemQlsSMrYmn7T2OUvQ4dqxQXU+ouZFQsZOx50z4=
gonum.org/v1/gonum v0.17.0/go.mod h1:El3tOrEuMpv2UdMrbNlKEh9vd86bmQ6vqIcDwxEOc1E=
google.golang.org/api v0.267.0 h1:w+vfWPMPYeRs8qH1aYYsFX68jMls5acWl/jocfLomwE=
google.golang.org/api v0.267.0/go.mod h1:Jzc0+ZfLnyvXma3UtaTl023TdhZu6OMBP9tJ+0EmFD0=
google.golang.org/genproto/googleapis/rpc v0.0.0-20260526163538-3dc84a4a5aaa h1:mZHHdPZl0dbGHCflZgAq/Q468DWVFcU2whhB2KAo8fk=
google.golang.org/genproto/googleapis/rpc v0.0.0-20260526163538-3dc84a4a5aaa/go.mod h1:4Hqkh8ycfw05ld/3BWL7rJOSfebL2Q+DVDeRgYgxUU8=
google.golang.org/grpc v1.81.1 h1:VnnIIZ88UzOOKLukQi+ImGz8O1Wdp8nAGGnvOfEIWQQ=
google.golang.org/grpc v1.81.1/go.mod h1:xGH9GfzOyMTGIOXBJmXt+BX/V0kcdQbdcuwQ/zNw42I=
google.golang.org/protobuf v1.36.11 h1:fV6ZwhNocDyBLK0dj+fg8ektcVegBBuEolpbTQyBNVE=
google.golang.org/protobuf v1.36.11/go.mod h1:HTf+CrKn2C3g5S8VImy6tdcUvCska2kB7j23XfzDpco=
gopkg.in/yaml.v3 v3.0.1 h1:fxVm/GzAzEWqLHuvctI91KS9hhNmmWOoWu0XTYJS7CA=
gopkg.in/yaml.v3 v3.0.1/go.mod h1:K4uyk7z7BCEPqu6E+C64Yfv1cQ7kz7rIZviUmN+EgEM=
