cloud.google.com/go/auth v0.16.5 h1:mFWNQ2FEVWAliEQWpAdH80omXFokmrnbDhUS9cBywsI=
cloud.google.com/go/auth v0.16.5/go.mod h1:utzRfHMP+Vv0mpOkTRQoWD2q3BatTOoWbA7gCc2dUhQ=
cloud.google.com/go/auth/oauth2adapt v0.2.8 h1:keo8NaayQZ6wimpNSmW5OPc283g65QNIiLpZnkHRbnc=
cloud.google.com/go/auth/oauth2adapt v0.2.8/go.mod h1:XQ9y31RkqZCcwJWNSx2Xvric3RrU88hAYYbjDWYDL+c=
cloud.google.com/go/compute/metadata v0.8.3 h1:1AzcHmzbrX8t3m0CVosfxCAwGvaAShtrnlNxDriLgIk=
cloud.google.com/go/compute/metadata v0.8.3/go.mod h1:E0bWwX5wTnLPedCKqk3pJmVgCBSM6qQI1yTBdEb3C10=
github.com/coreos/go-systemd/v22 v22.5.0/go.mod h1:Y58oyj3AT4RCenI/lSvhwexgC+NSVTIJ3seZv2GcEnc=
github.com/davecgh/go-spew v1.1.1 h1:vj9j/u1bqnvCEfJOwUhtlOARqs3+rkHYY13jYWTU97c=
github.com/davecgh/go-spew v1.1.1/go.mod h1:J7Y8YcW2NihsgmVo/mv3lAwl/skON4iLHjSsI+c5H38=
github.com/felixge/httpsnoop v1.0.4 h1:NFTV2Zj1bL4mc9sqWACXbQFVBBg2W3GPvqp8/ESS2Wg=
github.com/felixge/httpsnoop v1.0.4/go.mod h1:m8KPJKqk1gH5J9DgRY2ASl2lWCfGKXixSwevea8zH2U=
github.com/go-logr/logr v1.2.2/go.mod h1:jdQByPbusPIv2/zmleS9BjJVeZ6kBagPoEUsqbVz/1A=
github.com/go-logr/logr v1.4.3 h1:CjnDlHq8ikf6E492q6eKboGOC0T8CDaOvkHCIg8idEI=
github.com/go-logr/logr v1.4.3/go.mod h1:9T104GzyrTigFIr8wt5mBrctHMim0Nb2HLGrmQ40KvY=
github.com/go-logr/stdr v1.2.2 h1:hSWxHoqTgW2S2qGc0LTAI563KZ5YKYRhT3MFKZMbjag=
github.com/go-logr/stdr v1.2.2/go.mod h1:mMo/vtBO5dYbehREoey6XUKy/eSumjCCveDpRre4VKE=
github.com/godbus/dbus/v5 v5.0.4/go.mod h1:xhWf0FNVPg57R7Z0UbKHbJfkEywrmjJnf7w5xrFpKfA=
github.com/golang/protobuf v1.5.4 h1:i7eJL8qZTpSEXOPTxNKhASYpMn+8e5Q6AdndVa1dWek=
github.com/golang/protobuf v1.5.4/go.mod h1:lnTiLA8Wa4RWRcIUkrtSVa5nRhsEGBg48fD6rSs7xps=
github.com/google/go-cmp v0.7.0 h1:wk8382ETsv4JYUZwIsn6YpYiWiBsYLSJiTsyBybVuN8=
github.com/google/go-cmp v0.7.0/go.mod h1:pXiqmnSA92OHEEa9HXL2W4E7lf9JzCmGVUdgjX3N/iU=
github.com/google/s2a-go v0.1.9 h1:LGD7gtMgezd8a/Xak7mEWL0PjoTQFvpRudN895yqKW0=
github.com/google/s2a-go v0.1.9/go.mod h1:YA0Ei2ZQL3acow2O62kdp9UlnvMmU7kA6Eutn0dXayM=
github.com/google/uuid v1.6.0 h1:NIvaJDMOsjHA8n1jAhLSgzrAzy1Hgr+hNrb57e+94F0=
github.com/google/uuid v1.6.0/go.mod h1:TIyPZe4MgqvfeYDBFedMoGGpEw/LqOeaOT+nhxU+yHo=
github.com/googleapis/enterprise-certificate-proxy v0.3.6 h1:GW/XbdyBFQ8Qe+YAmFU9uHLo7OnF5tL52HFAgMmyrf4=
github.com/googleapis/enterprise-certificate-proxy v0.3.6/go.mod h1:MkHOF77EYAE7qfSuSS9PU6g4Nt4e11cnsDUowfwewLA=
github.com/googleapis/gax-go/v2 v2.15.0 h1:SyjDc1mGgZU5LncH8gimWo9lW1DtIfPibOG81vgd/bo=
github.com/googleapis/gax-go/v2 v2.15.0/go.mod h1:zVVkkxAQHa1RQpg9z2AUCMnKhi0Qld9rcmyfL1OZhoc=
github.com/mattn/go-colorable v0.1.13/go.mod h1:7S9/ev0klgBDR4GtXTXX8a3vIGJpMovkB8vQcUbaXHg=
github.com/mattn/go-colorable v0.1.14 h1:9A9LHSqF/7dyVVX6g0U9cwm9pG3kP9gSzcuIPHPsaIE=
github.com/mattn/go-colorable v0.1.14/go.mod h1:6LmQG8QLFO4G5z1gPvYEzlUgJ2wF+stgPZH1UqBm1s8=
github.com/mattn/go-isatty v0.0.16/go.mod h1:kYGgaQfpe5nmfYZH+SKPsOc2e4SrIfOl2e/yFXSvRLM=
github.com/mattn/go-isatty v0.0.19/go.mod h1:W+V8PltTTMOvKvAeJH7IuucS94S2C6jfK/D7dTCTo3Y=
github.com/mattn/go-isatty v0.0.20 h1:xfD0iDuEKnDkl03q4limB+vH+GxLEtL/jb4xVJSWWEY=
github.com/mattn/go-isatty v0.0.20/go.mod h1:W+V8PltTTMOvKvAeJH7IuucS94S2C6jfK/D7dTCTo3Y=
github.com/pkg/errors v0.9.1 h1:FEBLx1zS214owpjy7qsBeixbURkuhQAwrK5UwLGTwt4=
github.com/pkg/errors v0.9.1/go.mod h1:bwawxfHBFNV+L2hUp1rHADufV3IMtnDRdf1r5NINEl0=
github.com/pmezard/go-difflib v1.0.0 h1:4DBwDE0NGyQoBHbLQYPwSUPoCMWR5BEzIk/f1lZbAQM=
github.com/pmezard/go-difflib v1.0.0/go.mod h1:iKH77koFhYxTK1pcRnkKkqfTogsbg7gZNVY4sRDYZ/4=
github.com/rs/xid v1.6.0/go.mod h1:7XoLgs4eV+QndskICGsho+ADou8ySMSjJKDIan90Nz0=
github.com/rs/zerolog v1.34.0 h1:k43nTLIwcTVQAncfCw4KZ2VY6ukYoZaBPNOE8txlOeY=
github.com/rs/zerolog v1.34.0/go.mod h1:bJsvje4Z08ROH4Nhs5iH600c3IkWhwp44iRc54W6wYQ=
github.com/shopspring/decimal v1.4.0 h1:bxl37RwXBklmTi0C79JfXCEBD1cqqHt0bbgBAGFp81k=
github.com/shopspring/decimal v1.4.0/go.mod h1:gawqmDU56v4yIKSwfBSFip1HdCCXN8/+DMd9qYNcwME=
github.com/sologenic/com-fs-compliance-model v0.0.0-20251203155829-fcb6bd109c88 h1:RgkpfT82fKVSxVOs7bZ0JcqB3J3Yv0iLm76Aomj/b1c=
github.com/sologenic/com-fs-compliance-model v0.0.0-20251203155829-fcb6bd109c88/go.mod h1:eY+HQ9wP93zKbrqhggmt46FMVgwPOsfzoLpoTxXdLjg=
github.com/sologenic/com-fs-compliance-model v0.0.0-20251203163653-9c390dd2f399 h1:saYu0ZDUYSWuiKTn85Zg6IpyY1IaMBsOMgUtGj+y+4M=
github.com/sologenic/com-fs-compliance-model v0.0.0-20251203163653-9c390dd2f399/go.mod h1:eY+HQ9wP93zKbrqhggmt46FMVgwPOsfzoLpoTxXdLjg=
github.com/sologenic/com-fs-compliance-model v0.0.0-20251203170723-310c7c9a450c h1:rMnf18V1Mo/px1LFweLPB+DvCuoEzgmWLSmetjphfW4=
github.com/sologenic/com-fs-compliance-model v0.0.0-20251203170723-310c7c9a450c/go.mod h1:eY+HQ9wP93zKbrqhggmt46FMVgwPOsfzoLpoTxXdLjg=
github.com/sologenic/com-fs-document-model v0.0.0-20250625181251-d71adbf57803 h1:zTf13GtjRLJm0V0rAntv0OXikDaGVY807qdYGlG9HDM=
github.com/sologenic/com-fs-document-model v0.0.0-20250625181251-d71adbf57803/go.mod h1:W+2VFTLpNSSIhc0vzLyTvxMb3uqAW5PsgwB7tKJMtwU=
github.com/sologenic/com-fs-trade-profile-model v0.0.0-20250710161722-4671f0a36c58 h1:4aNpbV7eUz+cHgsbQOAEqQNp3cMg+84W8Q5wYHbgMDI=
github.com/sologenic/com-fs-trade-profile-model v0.0.0-20250710161722-4671f0a36c58/go.mod h1:xUu8z+vOxRKxtJ9rvvPd9tH+z47SNZXJ26H02ZcD5Rc=
github.com/sologenic/com-fs-utils-lib/go/decimal v0.0.0-20251110224711-e5f231c1cde7 h1:l2Ldut4NcTXTlZuDJvvLTUrbIugS4BZvgGuCApiUDJA=
github.com/sologenic/com-fs-utils-lib/go/decimal v0.0.0-20251110224711-e5f231c1cde7/go.mod h1:gujN2PaQ7sbIrj8Jzq7Ub5uwoKgJlfiDDba/V/amnR0=
github.com/sologenic/com-fs-utils-lib/go/grpc-client v0.0.0-20251127233244-c92929c8f5dc h1:cqf7SnjBkPWZy7uH2DXA6DNGdRZ2WQxW6l6y1e/IzuY=
github.com/sologenic/com-fs-utils-lib/go/grpc-client v0.0.0-20251127233244-c92929c8f5dc/go.mod h1:CP73V5ZmuGgngRuQbBTmVNusvVmF7kRKeRz85P61o8M=
github.com/sologenic/com-fs-utils-lib/go/logger v0.0.0-20240906214824-8118c42c5b35 h1:zIv/s+nyS0WREsCCVMY0dTbSRjs8+nkS/B3eFqJI7uk=
github.com/sologenic/com-fs-utils-lib/go/logger v0.0.0-20240906214824-8118c42c5b35/go.mod h1:++g+mQb95rje/dEjNJDM1F1ftwM1GobPgAh1zNG+hEw=
github.com/sologenic/com-fs-utils-lib/models/audit v0.0.0-20251127233244-c92929c8f5dc h1:iVL9hr6qe4byMxmIS48nSEZ3bmMuUttOMifFWl8DL34=
github.com/sologenic/com-fs-utils-lib/models/audit v0.0.0-20251127233244-c92929c8f5dc/go.mod h1:aesYC9CUzVQ4JUHZwpLYx0yeNK1Sl37vzLKmDKQiyoY=
github.com/sologenic/com-fs-utils-lib/models/commission v0.0.0-20251110224711-e5f231c1cde7 h1:GmwyIUxzANebRHstptg1sNByKJRjT9vjSjR3Cui0E8o=
github.com/sologenic/com-fs-utils-lib/models/commission v0.0.0-20251110224711-e5f231c1cde7/go.mod h1:Toq35ZCOfuzx4u7gx2SKdOUR6RofwcevOYUhkgHT3W4=
github.com/sologenic/com-fs-utils-lib/models/language v0.0.0-20250731190227-eba0dc415460 h1:ijdt1aDu4x9DlA2EIcvjNNntVVxZScgQZGOG1A3U758=
github.com/sologenic/com-fs-utils-lib/models/language v0.0.0-20250731190227-eba0dc415460/go.mod h1:ipl1XbvOUcvF9Hp1DJwvfhMLialqJS/btL6QvT2eTZI=
github.com/sologenic/com-fs-utils-lib/models/metadata v0.0.0-20251127233244-c92929c8f5dc h1:V7jXwV4AWSnpH8PIt2h167gqiKmvtcoIOt/YiAnpQAI=
github.com/sologenic/com-fs-utils-lib/models/metadata v0.0.0-20251127233244-c92929c8f5dc/go.mod h1:ftOGlExX3C/AN24/N3j3+rHo4C7ehxfHNGpimuWv7IQ=
github.com/sologenic/com-fs-utils-lib/models/order-properties v0.0.0-20251111001333-8b6aaa65fd84 h1:muve8ab2qh4nrv+LlXWiiF+XjVhYiLFdu06Wq+TErBY=
github.com/sologenic/com-fs-utils-lib/models/order-properties v0.0.0-20251111001333-8b6aaa65fd84/go.mod h1:C2y+KxnliWpUO4XEUlHyW3anGTQiKQTSeEFZAhiBO0M=
github.com/sologenic/com-fs-utils-lib/models/role v0.0.0-20250731190227-eba0dc415460 h1:ciM4z4Re/8zxnFWEL8fZwoqABClhv7xnE+J3oa3iwDQ=
github.com/sologenic/com-fs-utils-lib/models/role v0.0.0-20250731190227-eba0dc415460/go.mod h1:EzYV8QKfACoaaPwBFXY6R95AOORkV3TXxw8k1m26o+w=
github.com/stretchr/testify v1.11.1 h1:7s2iGBzp5EwR7/aIZr8ao5+dra3wiQyKjjFuvgVKu7U=
github.com/stretchr/testify v1.11.1/go.mod h1:wZwfW3scLgRK+23gO65QZefKpKQRnfz6sD981Nm4B6U=
go.opentelemetry.io/auto/sdk v1.2.1 h1:jXsnJ4Lmnqd11kwkBV2LgLoFMZKizbCi5fNZ/ipaZ64=
go.opentelemetry.io/auto/sdk v1.2.1/go.mod h1:KRTj+aOaElaLi+wW1kO/DZRXwkF4C5xPbEe3ZiIhN7Y=
go.opentelemetry.io/contrib/instrumentation/google.golang.org/grpc/otelgrpc v0.61.0 h1:q4XOmH/0opmeuJtPsbFNivyl7bCt7yRBbeEm2sC/XtQ=
go.opentelemetry.io/contrib/instrumentation/google.golang.org/grpc/otelgrpc v0.61.0/go.mod h1:snMWehoOh2wsEwnvvwtDyFCxVeDAODenXHtn5vzrKjo=
go.opentelemetry.io/contrib/instrumentation/net/http/otelhttp v0.63.0 h1:RbKq8BG0FI8OiXhBfcRtqqHcZcka+gU3cskNuf05R18=
go.opentelemetry.io/contrib/instrumentation/net/http/otelhttp v0.63.0/go.mod h1:h06DGIukJOevXaj/xrNjhi/2098RZzcLTbc0jDAUbsg=
go.opentelemetry.io/otel v1.38.0 h1:RkfdswUDRimDg0m2Az18RKOsnI8UDzppJAtj01/Ymk8=
go.opentelemetry.io/otel v1.38.0/go.mod h1:zcmtmQ1+YmQM9wrNsTGV/q/uyusom3P8RxwExxkZhjM=
go.opentelemetry.io/otel/metric v1.38.0 h1:Kl6lzIYGAh5M159u9NgiRkmoMKjvbsKtYRwgfrA6WpA=
go.opentelemetry.io/otel/metric v1.38.0/go.mod h1:kB5n/QoRM8YwmUahxvI3bO34eVtQf2i4utNVLr9gEmI=
go.opentelemetry.io/otel/sdk v1.38.0 h1:l48sr5YbNf2hpCUj/FoGhW9yDkl+Ma+LrVl8qaM5b+E=
go.opentelemetry.io/otel/sdk v1.38.0/go.mod h1:ghmNdGlVemJI3+ZB5iDEuk4bWA3GkTpW+DOoZMYBVVg=
go.opentelemetry.io/otel/sdk/metric v1.38.0 h1:aSH66iL0aZqo//xXzQLYozmWrXxyFkBJ6qT5wthqPoM=
go.opentelemetry.io/otel/sdk/metric v1.38.0/go.mod h1:dg9PBnW9XdQ1Hd6ZnRz689CbtrUp0wMMs9iPcgT9EZA=
go.opentelemetry.io/otel/trace v1.38.0 h1:Fxk5bKrDZJUH+AMyyIXGcFAPah0oRcT+LuNtJrmcNLE=
go.opentelemetry.io/otel/trace v1.38.0/go.mod h1:j1P9ivuFsTceSWe1oY+EeW3sc+Pp42sO++GHkg4wwhs=
golang.org/x/crypto v0.43.0 h1:dduJYIi3A3KOfdGOHX8AVZ/jGiyPa3IbBozJ5kNuE04=
golang.org/x/crypto v0.43.0/go.mod h1:BFbav4mRNlXJL4wNeejLpWxB7wMbc79PdRGhWKncxR0=
golang.org/x/net v0.46.0 h1:giFlY12I07fugqwPuWJi68oOnpfqFnJIJzaIIm2JVV4=
golang.org/x/net v0.46.0/go.mod h1:Q9BGdFy1y4nkUwiLvT5qtyhAnEHgnQ/zd8PfU6nc210=
golang.org/x/oauth2 v0.31.0 h1:8Fq0yVZLh4j4YA47vHKFTa9Ew5XIrCP8LC6UeNZnLxo=
golang.org/x/oauth2 v0.31.0/go.mod h1:lzm5WQJQwKZ3nwavOZ3IS5Aulzxi68dUSgRHujetwEA=
golang.org/x/sync v0.17.0 h1:l60nONMj9l5drqw6jlhIELNv9I0A4OFgRsG9k2oT9Ug=
golang.org/x/sync v0.17.0/go.mod h1:9KTHXmSnoGruLpwFjVSX0lNNA75CykiMECbovNTZqGI=
golang.org/x/sys v0.0.0-20220811171246-fbc7d0a398ab/go.mod h1:oPkhp1MJrh7nUepCBck5+mAzfO9JrbApNNgaTdGDITg=
golang.org/x/sys v0.6.0/go.mod h1:oPkhp1MJrh7nUepCBck5+mAzfO9JrbApNNgaTdGDITg=
golang.org/x/sys v0.12.0/go.mod h1:oPkhp1MJrh7nUepCBck5+mAzfO9JrbApNNgaTdGDITg=
golang.org/x/sys v0.38.0 h1:3yZWxaJjBmCWXqhN1qh02AkOnCQ1poK6oF+a7xWL6Gc=
golang.org/x/sys v0.38.0/go.mod h1:OgkHotnGiDImocRcuBABYBEXf8A9a87e/uXjp9XT3ks=
golang.org/x/text v0.30.0 h1:yznKA/E9zq54KzlzBEAWn1NXSQ8DIp/NYMy88xJjl4k=
golang.org/x/text v0.30.0/go.mod h1:yDdHFIX9t+tORqspjENWgzaCVXgk0yYnYuSZ8UzzBVM=
golang.org/x/time v0.12.0 h1:ScB/8o8olJvc+CQPWrK3fPZNfh7qgwCrY0zJmoEQLSE=
golang.org/x/time v0.12.0/go.mod h1:CDIdPxbZBQxdj6cxyCIdrNogrJKMJ7pr37NYpMcMDSg=
gonum.org/v1/gonum v0.16.0 h1:5+ul4Swaf3ESvrOnidPp4GZbzf0mxVQpDCYUQE7OJfk=
gonum.org/v1/gonum v0.16.0/go.mod h1:fef3am4MQ93R2HHpKnLk4/Tbh/s0+wqD5nfa6Pnwy4E=
google.golang.org/api v0.249.0 h1:0VrsWAKzIZi058aeq+I86uIXbNhm9GxSHpbmZ92a38w=
google.golang.org/api v0.249.0/go.mod h1:dGk9qyI0UYPwO/cjt2q06LG/EhUpwZGdAbYF14wHHrQ=
google.golang.org/genproto/googleapis/rpc v0.0.0-20251110190251-83f479183930 h1:tK4fkUnnRhig9TsTp4otV1FxwBFYgbKUq1RY0V6KZ4U=
google.golang.org/genproto/googleapis/rpc v0.0.0-20251110190251-83f479183930/go.mod h1:7i2o+ce6H/6BluujYR+kqX3GKH+dChPTQU19wjRPiGk=
google.golang.org/grpc v1.76.0 h1:UnVkv1+uMLYXoIz6o7chp59WfQUYA2ex/BXQ9rHZu7A=
google.golang.org/grpc v1.76.0/go.mod h1:Ju12QI8M6iQJtbcsV+awF5a4hfJMLi4X0JLo94ULZ6c=
google.golang.org/protobuf v1.36.10 h1:AYd7cD/uASjIL6Q9LiTjz8JLcrh/88q5UObnmY3aOOE=
google.golang.org/protobuf v1.36.10/go.mod h1:HTf+CrKn2C3g5S8VImy6tdcUvCska2kB7j23XfzDpco=
gopkg.in/yaml.v3 v3.0.1 h1:fxVm/GzAzEWqLHuvctI91KS9hhNmmWOoWu0XTYJS7CA=
gopkg.in/yaml.v3 v3.0.1/go.mod h1:K4uyk7z7BCEPqu6E+C64Yfv1cQ7kz7rIZviUmN+EgEM=
